// !$*UTF8*$!
{
	archiveVersion = 1;
	classes = {
	};
	objectVersion = 50;
	objects = {

/* Begin PBXBuildFile section */
		E866B3E5237048F700ED593F /* JobListViewController.swift in Sources */ = {isa = PBXBuildFile; fileRef = E866B3E4237048F700ED593F /* JobListViewController.swift */; };
		E866B3E723704A3B00ED593F /* JobListViewController.xib in Resources */ = {isa = PBXBuildFile; fileRef = E866B3E623704A3B00ED593F /* JobListViewController.xib */; };
		E866B3E9237061BE00ED593F /* Job.swift in Sources */ = {isa = PBXBuildFile; fileRef = E866B3E8237061BE00ED593F /* Job.swift */; };
		E873185B237070D700CCFC28 /* JobDetailViewController.swift in Sources */ = {isa = PBXBuildFile; fileRef = E873185A237070D700CCFC28 /* JobDetailViewController.swift */; };
		E873185D237070E600CCFC28 /* JobDetailViewController.xib in Resources */ = {isa = PBXBuildFile; fileRef = E873185C237070E600CCFC28 /* JobDetailViewController.xib */; };
		E873185F237073E100CCFC28 /* JobCell.swift in Sources */ = {isa = PBXBuildFile; fileRef = E873185E237073E100CCFC28 /* JobCell.swift */; };
		E8731861237073F400CCFC28 /* JobCell.xib in Resources */ = {isa = PBXBuildFile; fileRef = E8731860237073F400CCFC28 /* JobCell.xib */; };
		E8C68ED123703226003D34AC /* AppDelegate.swift in Sources */ = {isa = PBXBuildFile; fileRef = E8C68ED023703226003D34AC /* AppDelegate.swift */; };
		E8C68ED323703226003D34AC /* SceneDelegate.swift in Sources */ = {isa = PBXBuildFile; fileRef = E8C68ED223703226003D34AC /* SceneDelegate.swift */; };
		E8C68EDA23703227003D34AC /* Assets.xcassets in Resources */ = {isa = PBXBuildFile; fileRef = E8C68ED923703227003D34AC /* Assets.xcassets */; };
		E8C68EDD23703227003D34AC /* LaunchScreen.storyboard in Resources */ = {isa = PBXBuildFile; fileRef = E8C68EDB23703227003D34AC /* LaunchScreen.storyboard */; };
/* End PBXBuildFile section */

/* Begin PBXFileReference section */
		E866B3E4237048F700ED593F /* JobListViewController.swift */ = {isa = PBXFileReference; lastKnownFileType = sourcecode.swift; path = JobListViewController.swift; sourceTree = "<group>"; };
		E866B3E623704A3B00ED593F /* JobListViewController.xib */ = {isa = PBXFileReference; lastKnownFileType = file.xib; path = JobListViewController.xib; sourceTree = "<group>"; };
		E866B3E8237061BE00ED593F /* Job.swift */ = {isa = PBXFileReference; lastKnownFileType = sourcecode.swift; path = Job.swift; sourceTree = "<group>"; };
		E873185A237070D700CCFC28 /* JobDetailViewController.swift */ = {isa = PBXFileReference; lastKnownFileType = sourcecode.swift; path = JobDetailViewController.swift; sourceTree = "<group>"; };
		E873185C237070E600CCFC28 /* JobDetailViewController.xib */ = {isa = PBXFileReference; lastKnownFileType = file.xib; path = JobDetailViewController.xib; sourceTree = "<group>"; };
		E873185E237073E100CCFC28 /* JobCell.swift */ = {isa = PBXFileReference; lastKnownFileType = sourcecode.swift; path = JobCell.swift; sourceTree = "<group>"; };
		E8731860237073F400CCFC28 /* JobCell.xib */ = {isa = PBXFileReference; lastKnownFileType = file.xib; path = JobCell.xib; sourceTree = "<group>"; };
		E8C68ECD23703226003D34AC /* MiniJobandtalent.app */ = {isa = PBXFileReference; explicitFileType = wrapper.application; includeInIndex = 0; path = MiniJobandtalent.app; sourceTree = BUILT_PRODUCTS_DIR; };
		E8C68ED023703226003D34AC /* AppDelegate.swift */ = {isa = PBXFileReference; lastKnownFileType = sourcecode.swift; path = AppDelegate.swift; sourceTree = "<group>"; };
		E8C68ED223703226003D34AC /* SceneDelegate.swift */ = {isa = PBXFileReference; lastKnownFileType = sourcecode.swift; path = SceneDelegate.swift; sourceTree = "<group>"; };
		E8C68ED923703227003D34AC /* Assets.xcassets */ = {isa = PBXFileReference; lastKnownFileType = folder.assetcatalog; path = Assets.xcassets; sourceTree = "<group>"; };
		E8C68EDC23703227003D34AC /* Base */ = {isa = PBXFileReference; lastKnownFileType = file.storyboard; name = Base; path = Base.lproj/LaunchScreen.storyboard; sourceTree = "<group>"; };
		E8C68EDE23703227003D34AC /* Info.plist */ = {isa = PBXFileReference; lastKnownFileType = text.plist.xml; path = Info.plist; sourceTree = "<group>"; };
/* End PBXFileReference section */

/* Begin PBXFrameworksBuildPhase section */
		E8C68ECA23703226003D34AC /* Frameworks */ = {
			isa = PBXFrameworksBuildPhase;
			buildActionMask = 2147483647;
			files = (
			);
			runOnlyForDeploymentPostprocessing = 0;
		};
/* End PBXFrameworksBuildPhase section */

/* Begin PBXGroup section */
		E8C68EC423703226003D34AC = {
			isa = PBXGroup;
			children = (
				E8C68ECF23703226003D34AC /* MiniJobandtalent */,
				E8C68ECE23703226003D34AC /* Products */,
			);
			sourceTree = "<group>";
		};
		E8C68ECE23703226003D34AC /* Products */ = {
			isa = PBXGroup;
			children = (
				E8C68ECD23703226003D34AC /* MiniJobandtalent.app */,
			);
			name = Products;
			sourceTree = "<group>";
		};
		E8C68ECF23703226003D34AC /* MiniJobandtalent */ = {
			isa = PBXGroup;
			children = (
				E866B3E8237061BE00ED593F /* Job.swift */,
				E866B3E4237048F700ED593F /* JobListViewController.swift */,
				E866B3E623704A3B00ED593F /* JobListViewController.xib */,
				E873185E237073E100CCFC28 /* JobCell.swift */,
				E8731860237073F400CCFC28 /* JobCell.xib */,
				E873185A237070D700CCFC28 /* JobDetailViewController.swift */,
				E873185C237070E600CCFC28 /* JobDetailViewController.xib */,
				E8C68ED023703226003D34AC /* AppDelegate.swift */,
				E8C68ED223703226003D34AC /* SceneDelegate.swift */,
				E8C68ED923703227003D34AC /* Assets.xcassets */,
				E8C68EDB23703227003D34AC /* LaunchScreen.storyboard */,
				E8C68EDE23703227003D34AC /* Info.plist */,
			);
			path = MiniJobandtalent;
			sourceTree = "<group>";
		};
/* End PBXGroup section */

/* Begin PBXNativeTarget section */
		E8C68ECC23703226003D34AC /* MiniJobandtalent */ = {
			isa = PBXNativeTarget;
			buildConfigurationList = E8C68EE123703227003D34AC /* Build configuration list for PBXNativeTarget "MiniJobandtalent" */;
			buildPhases = (
				E8C68EC923703226003D34AC /* Sources */,
				E8C68ECA23703226003D34AC /* Frameworks */,
				E8C68ECB23703226003D34AC /* Resources */,
			);
			buildRules = (
			);
			dependencies = (
			);
			name = MiniJobandtalent;
			productName = MiniJobandtalent;
			productReference = E8C68ECD23703226003D34AC /* MiniJobandtalent.app */;
			productType = "com.apple.product-type.application";
		};
/* End PBXNativeTarget section */

/* Begin PBXProject section */
		E8C68EC523703226003D34AC /* Project object */ = {
			isa = PBXProject;
			attributes = {
				LastSwiftUpdateCheck = 1110;
				LastUpgradeCheck = 1230;
				ORGANIZATIONNAME = Jobandtalent;
				TargetAttributes = {
					E8C68ECC23703226003D34AC = {
						CreatedOnToolsVersion = 11.1;
					};
				};
			};
			buildConfigurationList = E8C68EC823703226003D34AC /* Build configuration list for PBXProject "MiniJobandtalent" */;
			compatibilityVersion = "Xcode 9.3";
			developmentRegion = en;
			hasScannedForEncodings = 0;
			knownRegions = (
				en,
				Base,
			);
			mainGroup = E8C68EC423703226003D34AC;
			productRefGroup = E8C68ECE23703226003D34AC /* Products */;
			projectDirPath = "";
			projectRoot = "";
			targets = (
				E8C68ECC23703226003D34AC /* MiniJobandtalent */,
			);
		};
/* End PBXProject section */

/* Begin PBXResourcesBuildPhase section */
		E8C68ECB23703226003D34AC /* Resources */ = {
			isa = PBXResourcesBuildPhase;
			buildActionMask = 2147483647;
			files = (
				E8731861237073F400CCFC28 /* JobCell.xib in Resources */,
				E8C68EDD23703227003D34AC /* LaunchScreen.storyboard in Resources */,
				E873185D237070E600CCFC28 /* JobDetailViewController.xib in Resources */,
				E8C68EDA23703227003D34AC /* Assets.xcassets in Resources */,
				E866B3E723704A3B00ED593F /* JobListViewController.xib in Resources */,
			);
			runOnlyForDeploymentPostprocessing = 0;
		};
/* End PBXResourcesBuildPhase section */

/* Begin PBXSourcesBuildPhase section */
		E8C68EC923703226003D34AC /* Sources */ = {
			isa = PBXSourcesBuildPhase;
			buildActionMask = 2147483647;
			files = (
				E866B3E5237048F700ED593F /* JobListViewController.swift in Sources */,
				E873185F237073E100CCFC28 /* JobCell.swift in Sources */,
				E8C68ED123703226003D34AC /* AppDelegate.swift in Sources */,
				E873185B237070D700CCFC28 /* JobDetailViewController.swift in Sources */,
				E8C68ED323703226003D34AC /* SceneDelegate.swift in Sources */,
				E866B3E9237061BE00ED593F /* Job.swift in Sources */,
			);
			runOnlyForDeploymentPostprocessing = 0;
		};
/* End PBXSourcesBuildPhase section */

/* Begin PBXVariantGroup section */
		E8C68EDB23703227003D34AC /* LaunchScreen.storyboard */ = {
			isa = PBXVariantGroup;
			children = (
				E8C68EDC23703227003D34AC /* Base */,
			);
			name = LaunchScreen.storyboard;
			sourceTree = "<group>";
		};
/* End PBXVariantGroup section */

/* Begin XCBuildConfiguration section */
		E8C68EDF23703227003D34AC /* Debug */ = {
			isa = XCBuildConfiguration;
			buildSettings = {
				ALWAYS_SEARCH_USER_PATHS = NO;
				CLANG_ANALYZER_NONNULL = YES;
				CLANG_ANALYZER_NUMBER_OBJECT_CONVERSION = YES_AGGRESSIVE;
				CLANG_CXX_LANGUAGE_STANDARD = "gnu++14";
				CLANG_CXX_LIBRARY = "libc++";
				CLANG_ENABLE_MODULES = YES;
				CLANG_ENABLE_OBJC_ARC = YES;
				CLANG_ENABLE_OBJC_WEAK = YES;
				CLANG_WARN_BLOCK_CAPTURE_AUTORELEASING = YES;
				CLANG_WARN_BOOL_CONVERSION = YES;
				CLANG_WARN_COMMA = YES;
				CLANG_WARN_CONSTANT_CONVERSION = YES;
				CLANG_WARN_DEPRECATED_OBJC_IMPLEMENTATIONS = YES;
				CLANG_WARN_DIRECT_OBJC_ISA_USAGE = YES_ERROR;
				CLANG_WARN_DOCUMENTATION_COMMENTS = YES;
				CLANG_WARN_EMPTY_BODY = YES;
				CLANG_WARN_ENUM_CONVERSION = YES;
				CLANG_WARN_INFINITE_RECURSION = YES;
				CLANG_WARN_INT_CONVERSION = YES;
				CLANG_WARN_NON_LITERAL_NULL_CONVERSION = YES;
				CLANG_WARN_OBJC_IMPLICIT_RETAIN_SELF = YES;
				CLANG_WARN_OBJC_LITERAL_CONVERSION = YES;
				CLANG_WARN_OBJC_ROOT_CLASS = YES_ERROR;
				CLANG_WARN_QUOTED_INCLUDE_IN_FRAMEWORK_HEADER = YES;
				CLANG_WARN_RANGE_LOOP_ANALYSIS = YES;
				CLANG_WARN_STRICT_PROTOTYPES = YES;
				CLANG_WARN_SUSPICIOUS_MOVE = YES;
				CLANG_WARN_UNGUARDED_AVAILABILITY = YES_AGGRESSIVE;
				CLANG_WARN_UNREACHABLE_CODE = YES;
				CLANG_WARN__DUPLICATE_METHOD_MATCH = YES;
				COPY_PHASE_STRIP = NO;
				DEBUG_INFORMATION_FORMAT = dwarf;
				ENABLE_STRICT_OBJC_MSGSEND = YES;
				ENABLE_TESTABILITY = YES;
				GCC_C_LANGUAGE_STANDARD = gnu11;
				GCC_DYNAMIC_NO_PIC = NO;
				GCC_NO_COMMON_BLOCKS = YES;
				GCC_OPTIMIZATION_LEVEL = 0;
				GCC_PREPROCESSOR_DEFINITIONS = (
					"DEBUG=1",
					"$(inherited)",
				);
				GCC_WARN_64_TO_32_BIT_CONVERSION = YES;
				GCC_WARN_ABOUT_RETURN_TYPE = YES_ERROR;
				GCC_WARN_UNDECLARED_SELECTOR = YES;
				GCC_WARN_UNINITIALIZED_AUTOS = YES_AGGRESSIVE;
				GCC_WARN_UNUSED_FUNCTION = YES;
				GCC_WARN_UNUSED_VARIABLE = YES;
				IPHONEOS_DEPLOYMENT_TARGET = 13.1;
				MTL_ENABLE_DEBUG_INFO = INCLUDE_SOURCE;
				MTL_FAST_MATH = YES;
				ONLY_ACTIVE_ARCH = YES;
				SDKROOT = iphoneos;
				SWIFT_ACTIVE_COMPILATION_CONDITIONS = DEBUG;
				SWIFT_OPTIMIZATION_LEVEL = "-Onone";
			};
			name = Debug;
		};
		E8C68EE023703227003D34AC /* Release */ = {
			isa = XCBuildConfiguration;
			buildSettings = {
				ALWAYS_SEARCH_USER_PATHS = NO;
				CLANG_ANALYZER_NONNULL = YES;
				CLANG_ANALYZER_NUMBER_OBJECT_CONVERSION = YES_AGGRESSIVE;
				CLANG_CXX_LANGUAGE_STANDARD = "gnu++14";
				CLANG_CXX_LIBRARY = "libc++";
				CLANG_ENABLE_MODULES = YES;
				CLANG_ENABLE_OBJC_ARC = YES;
				CLANG_ENABLE_OBJC_WEAK = YES;
				CLANG_WARN_BLOCK_CAPTURE_AUTORELEASING = YES;
				CLANG_WARN_BOOL_CONVERSION = YES;
				CLANG_WARN_COMMA = YES;
				CLANG_WARN_CONSTANT_CONVERSION = YES;
				CLANG_WARN_DEPRECATED_OBJC_IMPLEMENTATIONS = YES;
				CLANG_WARN_DIRECT_OBJC_ISA_USAGE = YES_ERROR;
				CLANG_WARN_DOCUMENTATION_COMMENTS = YES;
				CLANG_WARN_EMPTY_BODY = YES;
				CLANG_WARN_ENUM_CONVERSION = YES;
				CLANG_WARN_INFINITE_RECURSION = YES;
				CLANG_WARN_INT_CONVERSION = YES;
				CLANG_WARN_NON_LITERAL_NULL_CONVERSION = YES;
				CLANG_WARN_OBJC_IMPLICIT_RETAIN_SELF = YES;
				CLANG_WARN_OBJC_LITERAL_CONVERSION = YES;
				CLANG_WARN_OBJC_ROOT_CLASS = YES_ERROR;
				CLANG_WARN_QUOTED_INCLUDE_IN_FRAMEWORK_HEADER = YES;
				CLANG_WARN_RANGE_LOOP_ANALYSIS = YES;
				CLANG_WARN_STRICT_PROTOTYPES = YES;
				CLANG_WARN_SUSPICIOUS_MOVE = YES;
				CLANG_WARN_UNGUARDED_AVAILABILITY = YES_AGGRESSIVE;
				CLANG_WARN_UNREACHABLE_CODE = YES;
				CLANG_WARN__DUPLICATE_METHOD_MATCH = YES;
				COPY_PHASE_STRIP = NO;
				DEBUG_INFORMATION_FORMAT = "dwarf-with-dsym";
				ENABLE_NS_ASSERTIONS = NO;
				ENABLE_STRICT_OBJC_MSGSEND = YES;
				GCC_C_LANGUAGE_STANDARD = gnu11;
				GCC_NO_COMMON_BLOCKS = YES;
				GCC_WARN_64_TO_32_BIT_CONVERSION = YES;
				GCC_WARN_ABOUT_RETURN_TYPE = YES_ERROR;
				GCC_WARN_UNDECLARED_SELECTOR = YES;
				GCC_WARN_UNINITIALIZED_AUTOS = YES_AGGRESSIVE;
				GCC_WARN_UNUSED_FUNCTION = YES;
				GCC_WARN_UNUSED_VARIABLE = YES;
				IPHONEOS_DEPLOYMENT_TARGET = 13.1;
				MTL_ENABLE_DEBUG_INFO = NO;
				MTL_FAST_MATH = YES;
				SDKROOT = iphoneos;
				SWIFT_COMPILATION_MODE = wholemodule;
				SWIFT_OPTIMIZATION_LEVEL = "-O";
				VALIDATE_PRODUCT = YES;
			};
			name = Release;
		};
		E8C68EE223703227003D34AC /* Debug */ = {
			isa = XCBuildConfiguration;
			buildSettings = {
				ASSETCATALOG_COMPILER_APPICON_NAME = AppIcon;
				CODE_SIGN_STYLE = Automatic;
				INFOPLIST_FILE = MiniJobandtalent/Info.plist;
				LD_RUNPATH_SEARCH_PATHS = (
					"$(inherited)",
					"@executable_path/Frameworks",
				);
				PRODUCT_BUNDLE_IDENTIFIER = jobandtalent.MiniJobandtalent;
				PRODUCT_NAME = "$(TARGET_NAME)";
				SWIFT_VERSION = 5.0;
				TARGETED_DEVICE_FAMILY = 1;
			};
			name = Debug;
		};
		E8C68EE323703227003D34AC /* Release */ = {
			isa = XCBuildConfiguration;
			buildSettings = {
				ASSETCATALOG_COMPILER_APPICON_NAME = AppIcon;
				CODE_SIGN_STYLE = Automatic;
				INFOPLIST_FILE = MiniJobandtalent/Info.plist;
				LD_RUNPATH_SEARCH_PATHS = (
					"$(inherited)",
					"@executable_path/Frameworks",
				);
				PRODUCT_BUNDLE_IDENTIFIER = jobandtalent.MiniJobandtalent;
				PRODUCT_NAME = "$(TARGET_NAME)";
				SWIFT_VERSION = 5.0;
				TARGETED_DEVICE_FAMILY = 1;
			};
			name = Release;
		};
/* End XCBuildConfiguration section */

/* Begin XCConfigurationList section */
		E8C68EC823703226003D34AC /* Build configuration list for PBXProject "MiniJobandtalent" */ = {
			isa = XCConfigurationList;
			buildConfigurations = (
				E8C68EDF23703227003D34AC /* Debug */,
				E8C68EE023703227003D34AC /* Release */,
			);
			defaultConfigurationIsVisible = 0;
			defaultConfigurationName = Release;
		};
		E8C68EE123703227003D34AC /* Build configuration list for PBXNativeTarget "MiniJobandtalent" */ = {
			isa = XCConfigurationList;
			buildConfigurations = (
				E8C68EE223703227003D34AC /* Debug */,
				E8C68EE323703227003D34AC /* Release */,
			);
			defaultConfigurationIsVisible = 0;
			defaultConfigurationName = Release;
		};
/* End XCConfigurationList section */
	};
	rootObject = E8C68EC523703226003D34AC /* Project object */;
}
